
Microsoft Visual Studio Solution File, Format Version 12.00
# Visual Studio Version 16
VisualStudioVersion = 16.0.29709.97
MinimumVisualStudioVersion = 10.0.40219.1
Project("{8BC9CEB8-8B4A-11D0-8D11-00A0C91BC942}") = "animd", "Decompiler\Decompiler.vcxproj", "{7C7C79AB-0A4E-4EAA-8866-48CA1886F5B8}"
EndProject
Project("{8BC9CEB8-8B4A-11D0-8D11-00A0C91BC942}") = "klei_anim", "klei_anim\klei_anim.vcxproj", "{859DBF5C-CE25-4DB1-9789-5063CA14A0EE}"
EndProject
Project("{8BC9CEB8-8B4A-11D0-8D11-00A0C91BC942}") = "kleianim_test", "ktexlib_test\ktexlib_test.vcxproj", "{51D4D048-34B7-4C95-AA9A-79A75438210D}"
EndProject
Project("{8BC9CEB8-8B4A-11D0-8D11-00A0C91BC942}") = "animc", "animc\animc.vcxproj", "{A32296B6-9FB5-4D68-A7C0-EBC6035B0FB6}"
EndProject
Project("{8BC9CEB8-8B4A-11D0-8D11-00A0C91BC942}") = "xscmlc", "xscmlc\xscmlc.vcxproj", "{1BB3A299-9584-46C6-9E3F-189D24AE8AEF}"
EndProject
Global
	GlobalSection(SolutionConfigurationPlatforms) = preSolution
		Debug|x64 = Debug|x64
		Debug|x86 = Debug|x86
		Release|x64 = Release|x64
		Release|x86 = Release|x86
	EndGlobalSection
	GlobalSection(ProjectConfigurationPlatforms) = postSolution
		{7C7C79AB-0A4E-4EAA-8866-48CA1886F5B8}.Debug|x64.ActiveCfg = Debug|x64
		{7C7C79AB-0A4E-4EAA-8866-48CA1886F5B8}.Debug|x64.Build.0 = Debug|x64
		{7C7C79AB-0A4E-4EAA-8866-48CA1886F5B8}.Debug|x86.ActiveCfg = Debug|Win32
		{7C7C79AB-0A4E-4EAA-8866-48CA1886F5B8}.Debug|x86.Build.0 = Debug|Win32
		{7C7C79AB-0A4E-4EAA-8866-48CA1886F5B8}.Release|x64.ActiveCfg = Release|x64
		{7C7C79AB-0A4E-4EAA-8866-48CA1886F5B8}.Release|x64.Build.0 = Release|x64
		{7C7C79AB-0A4E-4EAA-8866-48CA1886F5B8}.Release|x86.ActiveCfg = Release|Win32
		{7C7C79AB-0A4E-4EAA-8866-48CA1886F5B8}.Release|x86.Build.0 = Release|Win32
		{859DBF5C-CE25-4DB1-9789-5063CA14A0EE}.Debug|x64.ActiveCfg = Debug|x64
		{859DBF5C-CE25-4DB1-9789-5063CA14A0EE}.Debug|x64.Build.0 = Debug|x64
		{859DBF5C-CE25-4DB1-9789-5063CA14A0EE}.Debug|x86.ActiveCfg = Debug|Win32
		{859DBF5C-CE25-4DB1-9789-5063CA14A0EE}.Debug|x86.Build.0 = Debug|Win32
		{859DBF5C-CE25-4DB1-9789-5063CA14A0EE}.Release|x64.ActiveCfg = Release|x64
		{859DBF5C-CE25-4DB1-9789-5063CA14A0EE}.Release|x64.Build.0 = Release|x64
		{859DBF5C-CE25-4DB1-9789-5063CA14A0EE}.Release|x86.ActiveCfg = Release|Win32
		{859DBF5C-CE25-4DB1-9789-5063CA14A0EE}.Release|x86.Build.0 = Release|Win32
		{51D4D048-34B7-4C95-AA9A-79A75438210D}.Debug|x64.ActiveCfg = Debug|x64
		{51D4D048-34B7-4C95-AA9A-79A75438210D}.Debug|x64.Build.0 = Debug|x64
		{51D4D048-34B7-4C95-AA9A-79A75438210D}.Debug|x86.ActiveCfg = Debug|Win32
		{51D4D048-34B7-4C95-AA9A-79A75438210D}.Debug|x86.Build.0 = Debug|Win32
		{51D4D048-34B7-4C95-AA9A-79A75438210D}.Release|x64.ActiveCfg = Release|x64
		{51D4D048-34B7-4C95-AA9A-79A75438210D}.Release|x64.Build.0 = Release|x64
		{51D4D048-34B7-4C95-AA9A-79A75438210D}.Release|x86.ActiveCfg = Release|Win32
		{51D4D048-34B7-4C95-AA9A-79A75438210D}.Release|x86.Build.0 = Release|Win32
		{A32296B6-9FB5-4D68-A7C0-EBC6035B0FB6}.Debug|x64.ActiveCfg = Debug|x64
		{A32296B6-9FB5-4D68-A7C0-EBC6035B0FB6}.Debug|x64.Build.0 = Debug|x64
		{A32296B6-9FB5-4D68-A7C0-EBC6035B0FB6}.Debug|x86.ActiveCfg = Debug|Win32
		{A32296B6-9FB5-4D68-A7C0-EBC6035B0FB6}.Debug|x86.Build.0 = Debug|Win32
		{A32296B6-9FB5-4D68-A7C0-EBC6035B0FB6}.Release|x64.ActiveCfg = Release|x64
		{A32296B6-9FB5-4D68-A7C0-EBC6035B0FB6}.Release|x64.Build.0 = Release|x64
		{A32296B6-9FB5-4D68-A7C0-EBC6035B0FB6}.Release|x86.ActiveCfg = Release|Win32
		{A32296B6-9FB5-4D68-A7C0-EBC6035B0FB6}.Release|x86.Build.0 = Release|Win32
		{1BB3A299-9584-46C6-9E3F-189D24AE8AEF}.Debug|x64.ActiveCfg = Debug|x64
		{1BB3A299-9584-46C6-9E3F-189D24AE8AEF}.Debug|x64.Build.0 = Debug|x64
		{1BB3A299-9584-46C6-9E3F-189D24AE8AEF}.Debug|x86.ActiveCfg = Debug|Win32
		{1BB3A299-9584-46C6-9E3F-189D24AE8AEF}.Debug|x86.Build.0 = Debug|Win32
		{1BB3A299-9584-46C6-9E3F-189D24AE8AEF}.Release|x64.ActiveCfg = Release|x64
		{1BB3A299-9584-46C6-9E3F-189D24AE8AEF}.Release|x64.Build.0 = Release|x64
		{1BB3A299-9584-46C6-9E3F-189D24AE8AEF}.Release|x86.ActiveCfg = Release|Win32
		{1BB3A299-9584-46C6-9E3F-189D24AE8AEF}.Release|x86.Build.0 = Release|Win32
	EndGlobalSection
	GlobalSection(SolutionProperties) = preSolution
		HideSolutionNode = FALSE
	EndGlobalSection
	GlobalSection(ExtensibilityGlobals) = postSolution
		SolutionGuid = {C119D1B0-669C-4BA8-9C29-051549CDB79C}
	EndGlobalSection
EndGlobal
